
Microsoft Visual Studio Solution File, Format Version 12.00
# Visual Studio Version 17
VisualStudioVersion = 17.1.32228.430
MinimumVisualStudioVersion = 10.0.40219.1
Project("{FAE04EC0-301F-11D3-BF4B-00C04F79EFBC}") = "AjaxPro", "AjaxPro.csproj", "{9AD42568-07A4-4D8B-9C6D-1FD54683EF4B}"
EndProject
Project("{2150E333-8FDC-42A3-9474-1A3956D46DE8}") = "Solution Items", "Solution Items", "{ABD939E8-EE74-4A8A-AC60-40AEAE896FAB}"
	ProjectSection(SolutionItems) = preProject
		..\.gitignore = ..\.gitignore
		..\LICENSE = ..\LICENSE
		..\README.md = ..\README.md
		..\SECURITY.md = ..\SECURITY.md
	EndProjectSection
EndProject
Global
	GlobalSection(SolutionConfigurationPlatforms) = preSolution
		Debug|Any CPU = Debug|Any CPU
		Release|Any CPU = Release|Any CPU
		ReleaseNET48|Any CPU = ReleaseNET48|Any CPU
	EndGlobalSection
	GlobalSection(ProjectConfigurationPlatforms) = postSolution
		{9AD42568-07A4-4D8B-9C6D-1FD54683EF4B}.Debug|Any CPU.ActiveCfg = Debug|Any CPU
		{9AD42568-07A4-4D8B-9C6D-1FD54683EF4B}.Debug|Any CPU.Build.0 = Debug|Any CPU
		{9AD42568-07A4-4D8B-9C6D-1FD54683EF4B}.Release|Any CPU.ActiveCfg = Release|Any CPU
		{9AD42568-07A4-4D8B-9C6D-1FD54683EF4B}.Release|Any CPU.Build.0 = Release|Any CPU
		{9AD42568-07A4-4D8B-9C6D-1FD54683EF4B}.ReleaseNET48|Any CPU.ActiveCfg = ReleaseNET48|Any CPU
		{9AD42568-07A4-4D8B-9C6D-1FD54683EF4B}.ReleaseNET48|Any CPU.Build.0 = ReleaseNET48|Any CPU
	EndGlobalSection
	GlobalSection(SolutionProperties) = preSolution
		HideSolutionNode = FALSE
	EndGlobalSection
	GlobalSection(ExtensibilityGlobals) = postSolution
		SolutionGuid = {DCFBFD41-C31A-4F6E-92FC-D451B4918EA5}
	EndGlobalSection
EndGlobal
