
Microsoft Visual Studio Solution File, Format Version 9.00
# Visual Studio 2005
Project("{FAE04EC0-301F-11D3-BF4B-00C04F79EFBC}") = "AjaxPro", "AjaxPro.csproj", "{9AD42568-07A4-4D8B-9C6D-1FD54683EF4B}"
EndProject
Global
	GlobalSection(TeamFoundationVersionControl) = preSolution
		SccNumberOfProjects = 2
		SccEnterpriseProvider = {4CA58AB2-18FA-4F8D-95D4-32DDF27D184C}
		SccTeamFoundationServer = https://tfs01.codeplex.com/
		SccLocalPath0 = .
		SccProjectUniqueName1 = AjaxPro.csproj
		SccLocalPath1 = .
	EndGlobalSection
	GlobalSection(SolutionConfigurationPlatforms) = preSolution
		Debug|.NET = Debug|.NET
		Debug|Any CPU = Debug|Any CPU
		Debug|Mixed Platforms = Debug|Mixed Platforms
		Release|.NET = Release|.NET
		Release|Any CPU = Release|Any CPU
		Release|Mixed Platforms = Release|Mixed Platforms
	EndGlobalSection
	GlobalSection(ProjectConfigurationPlatforms) = postSolution
		{9AD42568-07A4-4D8B-9C6D-1FD54683EF4B}.Debug|.NET.ActiveCfg = Debug|Any CPU
		{9AD42568-07A4-4D8B-9C6D-1FD54683EF4B}.Debug|Any CPU.ActiveCfg = Release|Any CPU
		{9AD42568-07A4-4D8B-9C6D-1FD54683EF4B}.Debug|Any CPU.Build.0 = Release|Any CPU
		{9AD42568-07A4-4D8B-9C6D-1FD54683EF4B}.Debug|Mixed Platforms.ActiveCfg = Release|Any CPU
		{9AD42568-07A4-4D8B-9C6D-1FD54683EF4B}.Debug|Mixed Platforms.Build.0 = Release|Any CPU
		{9AD42568-07A4-4D8B-9C6D-1FD54683EF4B}.Release|.NET.ActiveCfg = Release|Any CPU
		{9AD42568-07A4-4D8B-9C6D-1FD54683EF4B}.Release|Any CPU.ActiveCfg = Release|Any CPU
		{9AD42568-07A4-4D8B-9C6D-1FD54683EF4B}.Release|Any CPU.Build.0 = Release|Any CPU
		{9AD42568-07A4-4D8B-9C6D-1FD54683EF4B}.Release|Mixed Platforms.ActiveCfg = Release|Any CPU
		{9AD42568-07A4-4D8B-9C6D-1FD54683EF4B}.Release|Mixed Platforms.Build.0 = Release|Any CPU
	EndGlobalSection
	GlobalSection(SolutionProperties) = preSolution
		HideSolutionNode = FALSE
	EndGlobalSection
EndGlobal
